// !$*UTF8*$!
{
	archiveVersion = 1;
	classes = {
	};
	objectVersion = 50;
	objects = {

/* Begin PBXBuildFile section */
		842B19B123996B6E009B4780 /* ListaNotasController.swift in Sources */ = {isa = PBXBuildFile; fileRef = 842B19B023996B6E009B4780 /* ListaNotasController.swift */; };
		8497D8DD2399585300685D3C /* AppDelegate.swift in Sources */ = {isa = PBXBuildFile; fileRef = 8497D8DC2399585300685D3C /* AppDelegate.swift */; };
		8497D8DF2399585300685D3C /* SceneDelegate.swift in Sources */ = {isa = PBXBuildFile; fileRef = 8497D8DE2399585300685D3C /* SceneDelegate.swift */; };
		8497D8E12399585300685D3C /* ViewController.swift in Sources */ = {isa = PBXBuildFile; fileRef = 8497D8E02399585300685D3C /* ViewController.swift */; };
		8497D8E42399585300685D3C /* Main.storyboard in Resources */ = {isa = PBXBuildFile; fileRef = 8497D8E22399585300685D3C /* Main.storyboard */; };
		8497D8E72399585300685D3C /* iNotes.xcdatamodeld in Sources */ = {isa = PBXBuildFile; fileRef = 8497D8E52399585300685D3C /* iNotes.xcdatamodeld */; };
		8497D8E92399585400685D3C /* Assets.xcassets in Resources */ = {isa = PBXBuildFile; fileRef = 8497D8E82399585400685D3C /* Assets.xcassets */; };
		8497D8EC2399585400685D3C /* LaunchScreen.storyboard in Resources */ = {isa = PBXBuildFile; fileRef = 8497D8EA2399585400685D3C /* LaunchScreen.storyboard */; };
		84B8925C239AD2290097AEEB /* GestorPicker.swift in Sources */ = {isa = PBXBuildFile; fileRef = 84B8925B239AD2290097AEEB /* GestorPicker.swift */; };
/* End PBXBuildFile section */

/* Begin PBXFileReference section */
		842B19B023996B6E009B4780 /* ListaNotasController.swift */ = {isa = PBXFileReference; lastKnownFileType = sourcecode.swift; path = ListaNotasController.swift; sourceTree = "<group>"; };
		8497D8D92399585300685D3C /* iNotes.app */ = {isa = PBXFileReference; explicitFileType = wrapper.application; includeInIndex = 0; path = iNotes.app; sourceTree = BUILT_PRODUCTS_DIR; };
		8497D8DC2399585300685D3C /* AppDelegate.swift */ = {isa = PBXFileReference; lastKnownFileType = sourcecode.swift; path = AppDelegate.swift; sourceTree = "<group>"; };
		8497D8DE2399585300685D3C /* SceneDelegate.swift */ = {isa = PBXFileReference; lastKnownFileType = sourcecode.swift; path = SceneDelegate.swift; sourceTree = "<group>"; };
		8497D8E02399585300685D3C /* ViewController.swift */ = {isa = PBXFileReference; lastKnownFileType = sourcecode.swift; path = ViewController.swift; sourceTree = "<group>"; };
		8497D8E32399585300685D3C /* Base */ = {isa = PBXFileReference; lastKnownFileType = file.storyboard; name = Base; path = Base.lproj/Main.storyboard; sourceTree = "<group>"; };
		8497D8E62399585300685D3C /* iNotes.xcdatamodel */ = {isa = PBXFileReference; lastKnownFileType = wrapper.xcdatamodel; path = iNotes.xcdatamodel; sourceTree = "<group>"; };
		8497D8E82399585400685D3C /* Assets.xcassets */ = {isa = PBXFileReference; lastKnownFileType = folder.assetcatalog; path = Assets.xcassets; sourceTree = "<group>"; };
		8497D8EB2399585400685D3C /* Base */ = {isa = PBXFileReference; lastKnownFileType = file.storyboard; name = Base; path = Base.lproj/LaunchScreen.storyboard; sourceTree = "<group>"; };
		8497D8ED2399585400685D3C /* Info.plist */ = {isa = PBXFileReference; lastKnownFileType = text.plist.xml; path = Info.plist; sourceTree = "<group>"; };
		84B8925B239AD2290097AEEB /* GestorPicker.swift */ = {isa = PBXFileReference; lastKnownFileType = sourcecode.swift; path = GestorPicker.swift; sourceTree = "<group>"; };
/* End PBXFileReference section */

/* Begin PBXFrameworksBuildPhase section */
		8497D8D62399585200685D3C /* Frameworks */ = {
			isa = PBXFrameworksBuildPhase;
			buildActionMask = 2147483647;
			files = (
			);
			runOnlyForDeploymentPostprocessing = 0;
		};
/* End PBXFrameworksBuildPhase section */

/* Begin PBXGroup section */
		8497D8D02399585200685D3C = {
			isa = PBXGroup;
			children = (
				8497D8DB2399585300685D3C /* iNotes */,
				8497D8DA2399585300685D3C /* Products */,
			);
			sourceTree = "<group>";
		};
		8497D8DA2399585300685D3C /* Products */ = {
			isa = PBXGroup;
			children = (
				8497D8D92399585300685D3C /* iNotes.app */,
			);
			name = Products;
			sourceTree = "<group>";
		};
		8497D8DB2399585300685D3C /* iNotes */ = {
			isa = PBXGroup;
			children = (
				8497D8DC2399585300685D3C /* AppDelegate.swift */,
				8497D8DE2399585300685D3C /* SceneDelegate.swift */,
				842B19B023996B6E009B4780 /* ListaNotasController.swift */,
				8497D8E02399585300685D3C /* ViewController.swift */,
				8497D8E22399585300685D3C /* Main.storyboard */,
				84B8925B239AD2290097AEEB /* GestorPicker.swift */,
				8497D8E82399585400685D3C /* Assets.xcassets */,
				8497D8EA2399585400685D3C /* LaunchScreen.storyboard */,
				8497D8ED2399585400685D3C /* Info.plist */,
				8497D8E52399585300685D3C /* iNotes.xcdatamodeld */,
			);
			path = iNotes;
			sourceTree = "<group>";
		};
/* End PBXGroup section */

/* Begin PBXNativeTarget section */
		8497D8D82399585200685D3C /* iNotes */ = {
			isa = PBXNativeTarget;
			buildConfigurationList = 8497D8F02399585400685D3C /* Build configuration list for PBXNativeTarget "iNotes" */;
			buildPhases = (
				8497D8D52399585200685D3C /* Sources */,
				8497D8D62399585200685D3C /* Frameworks */,
				8497D8D72399585200685D3C /* Resources */,
			);
			buildRules = (
			);
			dependencies = (
			);
			name = iNotes;
			productName = iNotes;
			productReference = 8497D8D92399585300685D3C /* iNotes.app */;
			productType = "com.apple.product-type.application";
		};
/* End PBXNativeTarget section */

/* Begin PBXProject section */
		8497D8D12399585200685D3C /* Project object */ = {
			isa = PBXProject;
			attributes = {
				LastSwiftUpdateCheck = 1120;
				LastUpgradeCheck = 1120;
				ORGANIZATIONNAME = "Julia García Martínez";
				TargetAttributes = {
					8497D8D82399585200685D3C = {
						CreatedOnToolsVersion = 11.2.1;
					};
				};
			};
			buildConfigurationList = 8497D8D42399585200685D3C /* Build configuration list for PBXProject "iNotes" */;
			compatibilityVersion = "Xcode 9.3";
			developmentRegion = en;
			hasScannedForEncodings = 0;
			knownRegions = (
				en,
				Base,
			);
			mainGroup = 8497D8D02399585200685D3C;
			productRefGroup = 8497D8DA2399585300685D3C /* Products */;
			projectDirPath = "";
			projectRoot = "";
			targets = (
				8497D8D82399585200685D3C /* iNotes */,
			);
		};
/* End PBXProject section */

/* Begin PBXResourcesBuildPhase section */
		8497D8D72399585200685D3C /* Resources */ = {
			isa = PBXResourcesBuildPhase;
			buildActionMask = 2147483647;
			files = (
				8497D8EC2399585400685D3C /* LaunchScreen.storyboard in Resources */,
				8497D8E92399585400685D3C /* Assets.xcassets in Resources */,
				8497D8E42399585300685D3C /* Main.storyboard in Resources */,
			);
			runOnlyForDeploymentPostprocessing = 0;
		};
/* End PBXResourcesBuildPhase section */

/* Begin PBXSourcesBuildPhase section */
		8497D8D52399585200685D3C /* Sources */ = {
			isa = PBXSourcesBuildPhase;
			buildActionMask = 2147483647;
			files = (
				8497D8E12399585300685D3C /* ViewController.swift in Sources */,
				8497D8E72399585300685D3C /* iNotes.xcdatamodeld in Sources */,
				842B19B123996B6E009B4780 /* ListaNotasController.swift in Sources */,
				8497D8DD2399585300685D3C /* AppDelegate.swift in Sources */,
				8497D8DF2399585300685D3C /* SceneDelegate.swift in Sources */,
				84B8925C239AD2290097AEEB /* GestorPicker.swift in Sources */,
			);
			runOnlyForDeploymentPostprocessing = 0;
		};
/* End PBXSourcesBuildPhase section */

/* Begin PBXVariantGroup section */
		8497D8E22399585300685D3C /* Main.storyboard */ = {
			isa = PBXVariantGroup;
			children = (
				8497D8E32399585300685D3C /* Base */,
			);
			name = Main.storyboard;
			sourceTree = "<group>";
		};
		8497D8EA2399585400685D3C /* LaunchScreen.storyboard */ = {
			isa = PBXVariantGroup;
			children = (
				8497D8EB2399585400685D3C /* Base */,
			);
			name = LaunchScreen.storyboard;
			sourceTree = "<group>";
		};
/* End PBXVariantGroup section */

/* Begin XCBuildConfiguration section */
		8497D8EE2399585400685D3C /* Debug */ = {
			isa = XCBuildConfiguration;
			buildSettings = {
				ALWAYS_SEARCH_USER_PATHS = NO;
				CLANG_ANALYZER_NONNULL = YES;
				CLANG_ANALYZER_NUMBER_OBJECT_CONVERSION = YES_AGGRESSIVE;
				CLANG_CXX_LANGUAGE_STANDARD = "gnu++14";
				CLANG_CXX_LIBRARY = "libc++";
				CLANG_ENABLE_MODULES = YES;
				CLANG_ENABLE_OBJC_ARC = YES;
				CLANG_ENABLE_OBJC_WEAK = YES;
				CLANG_WARN_BLOCK_CAPTURE_AUTORELEASING = YES;
				CLANG_WARN_BOOL_CONVERSION = YES;
				CLANG_WARN_COMMA = YES;
				CLANG_WARN_CONSTANT_CONVERSION = YES;
				CLANG_WARN_DEPRECATED_OBJC_IMPLEMENTATIONS = YES;
				CLANG_WARN_DIRECT_OBJC_ISA_USAGE = YES_ERROR;
				CLANG_WARN_DOCUMENTATION_COMMENTS = YES;
				CLANG_WARN_EMPTY_BODY = YES;
				CLANG_WARN_ENUM_CONVERSION = YES;
				CLANG_WARN_INFINITE_RECURSION = YES;
				CLANG_WARN_INT_CONVERSION = YES;
				CLANG_WARN_NON_LITERAL_NULL_CONVERSION = YES;
				CLANG_WARN_OBJC_IMPLICIT_RETAIN_SELF = YES;
				CLANG_WARN_OBJC_LITERAL_CONVERSION = YES;
				CLANG_WARN_OBJC_ROOT_CLASS = YES_ERROR;
				CLANG_WARN_RANGE_LOOP_ANALYSIS = YES;
				CLANG_WARN_STRICT_PROTOTYPES = YES;
				CLANG_WARN_SUSPICIOUS_MOVE = YES;
				CLANG_WARN_UNGUARDED_AVAILABILITY = YES_AGGRESSIVE;
				CLANG_WARN_UNREACHABLE_CODE = YES;
				CLANG_WARN__DUPLICATE_METHOD_MATCH = YES;
				COPY_PHASE_STRIP = NO;
				DEBUG_INFORMATION_FORMAT = dwarf;
				ENABLE_STRICT_OBJC_MSGSEND = YES;
				ENABLE_TESTABILITY = YES;
				GCC_C_LANGUAGE_STANDARD = gnu11;
				GCC_DYNAMIC_NO_PIC = NO;
				GCC_NO_COMMON_BLOCKS = YES;
				GCC_OPTIMIZATION_LEVEL = 0;
				GCC_PREPROCESSOR_DEFINITIONS = (
					"DEBUG=1",
					"$(inherited)",
				);
				GCC_WARN_64_TO_32_BIT_CONVERSION = YES;
				GCC_WARN_ABOUT_RETURN_TYPE = YES_ERROR;
				GCC_WARN_UNDECLARED_SELECTOR = YES;
				GCC_WARN_UNINITIALIZED_AUTOS = YES_AGGRESSIVE;
				GCC_WARN_UNUSED_FUNCTION = YES;
				GCC_WARN_UNUSED_VARIABLE = YES;
				IPHONEOS_DEPLOYMENT_TARGET = 13.2;
				MTL_ENABLE_DEBUG_INFO = INCLUDE_SOURCE;
				MTL_FAST_MATH = YES;
				ONLY_ACTIVE_ARCH = YES;
				SDKROOT = iphoneos;
				SWIFT_ACTIVE_COMPILATION_CONDITIONS = DEBUG;
				SWIFT_OPTIMIZATION_LEVEL = "-Onone";
			};
			name = Debug;
		};
		8497D8EF2399585400685D3C /* Release */ = {
			isa = XCBuildConfiguration;
			buildSettings = {
				ALWAYS_SEARCH_USER_PATHS = NO;
				CLANG_ANALYZER_NONNULL = YES;
				CLANG_ANALYZER_NUMBER_OBJECT_CONVERSION = YES_AGGRESSIVE;
				CLANG_CXX_LANGUAGE_STANDARD = "gnu++14";
				CLANG_CXX_LIBRARY = "libc++";
				CLANG_ENABLE_MODULES = YES;
				CLANG_ENABLE_OBJC_ARC = YES;
				CLANG_ENABLE_OBJC_WEAK = YES;
				CLANG_WARN_BLOCK_CAPTURE_AUTORELEASING = YES;
				CLANG_WARN_BOOL_CONVERSION = YES;
				CLANG_WARN_COMMA = YES;
				CLANG_WARN_CONSTANT_CONVERSION = YES;
				CLANG_WARN_DEPRECATED_OBJC_IMPLEMENTATIONS = YES;
				CLANG_WARN_DIRECT_OBJC_ISA_USAGE = YES_ERROR;
				CLANG_WARN_DOCUMENTATION_COMMENTS = YES;
				CLANG_WARN_EMPTY_BODY = YES;
				CLANG_WARN_ENUM_CONVERSION = YES;
				CLANG_WARN_INFINITE_RECURSION = YES;
				CLANG_WARN_INT_CONVERSION = YES;
				CLANG_WARN_NON_LITERAL_NULL_CONVERSION = YES;
				CLANG_WARN_OBJC_IMPLICIT_RETAIN_SELF = YES;
				CLANG_WARN_OBJC_LITERAL_CONVERSION = YES;
				CLANG_WARN_OBJC_ROOT_CLASS = YES_ERROR;
				CLANG_WARN_RANGE_LOOP_ANALYSIS = YES;
				CLANG_WARN_STRICT_PROTOTYPES = YES;
				CLANG_WARN_SUSPICIOUS_MOVE = YES;
				CLANG_WARN_UNGUARDED_AVAILABILITY = YES_AGGRESSIVE;
				CLANG_WARN_UNREACHABLE_CODE = YES;
				CLANG_WARN__DUPLICATE_METHOD_MATCH = YES;
				COPY_PHASE_STRIP = NO;
				DEBUG_INFORMATION_FORMAT = "dwarf-with-dsym";
				ENABLE_NS_ASSERTIONS = NO;
				ENABLE_STRICT_OBJC_MSGSEND = YES;
				GCC_C_LANGUAGE_STANDARD = gnu11;
				GCC_NO_COMMON_BLOCKS = YES;
				GCC_WARN_64_TO_32_BIT_CONVERSION = YES;
				GCC_WARN_ABOUT_RETURN_TYPE = YES_ERROR;
				GCC_WARN_UNDECLARED_SELECTOR = YES;
				GCC_WARN_UNINITIALIZED_AUTOS = YES_AGGRESSIVE;
				GCC_WARN_UNUSED_FUNCTION = YES;
				GCC_WARN_UNUSED_VARIABLE = YES;
				IPHONEOS_DEPLOYMENT_TARGET = 13.2;
				MTL_ENABLE_DEBUG_INFO = NO;
				MTL_FAST_MATH = YES;
				SDKROOT = iphoneos;
				SWIFT_COMPILATION_MODE = wholemodule;
				SWIFT_OPTIMIZATION_LEVEL = "-O";
				VALIDATE_PRODUCT = YES;
			};
			name = Release;
		};
		8497D8F12399585400685D3C /* Debug */ = {
			isa = XCBuildConfiguration;
			buildSettings = {
				ASSETCATALOG_COMPILER_APPICON_NAME = AppIcon;
				CODE_SIGN_STYLE = Automatic;
				DEVELOPMENT_TEAM = CW7DY5Z6H4;
				INFOPLIST_FILE = iNotes/Info.plist;
				LD_RUNPATH_SEARCH_PATHS = (
					"$(inherited)",
					"@executable_path/Frameworks",
				);
				PRODUCT_BUNDLE_IDENTIFIER = com.jgm.iNotes;
				PRODUCT_NAME = "$(TARGET_NAME)";
				SWIFT_VERSION = 5.0;
				TARGETED_DEVICE_FAMILY = "1,2";
			};
			name = Debug;
		};
		8497D8F22399585400685D3C /* Release */ = {
			isa = XCBuildConfiguration;
			buildSettings = {
				ASSETCATALOG_COMPILER_APPICON_NAME = AppIcon;
				CODE_SIGN_STYLE = Automatic;
				DEVELOPMENT_TEAM = CW7DY5Z6H4;
				INFOPLIST_FILE = iNotes/Info.plist;
				LD_RUNPATH_SEARCH_PATHS = (
					"$(inherited)",
					"@executable_path/Frameworks",
				);
				PRODUCT_BUNDLE_IDENTIFIER = com.jgm.iNotes;
				PRODUCT_NAME = "$(TARGET_NAME)";
				SWIFT_VERSION = 5.0;
				TARGETED_DEVICE_FAMILY = "1,2";
			};
			name = Release;
		};
/* End XCBuildConfiguration section */

/* Begin XCConfigurationList section */
		8497D8D42399585200685D3C /* Build configuration list for PBXProject "iNotes" */ = {
			isa = XCConfigurationList;
			buildConfigurations = (
				8497D8EE2399585400685D3C /* Debug */,
				8497D8EF2399585400685D3C /* Release */,
			);
			defaultConfigurationIsVisible = 0;
			defaultConfigurationName = Release;
		};
		8497D8F02399585400685D3C /* Build configuration list for PBXNativeTarget "iNotes" */ = {
			isa = XCConfigurationList;
			buildConfigurations = (
				8497D8F12399585400685D3C /* Debug */,
				8497D8F22399585400685D3C /* Release */,
			);
			defaultConfigurationIsVisible = 0;
			defaultConfigurationName = Release;
		};
/* End XCConfigurationList section */

/* Begin XCVersionGroup section */
		8497D8E52399585300685D3C /* iNotes.xcdatamodeld */ = {
			isa = XCVersionGroup;
			children = (
				8497D8E62399585300685D3C /* iNotes.xcdatamodel */,
			);
			currentVersion = 8497D8E62399585300685D3C /* iNotes.xcdatamodel */;
			path = iNotes.xcdatamodeld;
			sourceTree = "<group>";
			versionGroupType = wrapper.xcdatamodel;
		};
/* End XCVersionGroup section */
	};
	rootObject = 8497D8D12399585200685D3C /* Project object */;
}
